
Microsoft Visual Studio Solution File, Format Version 12.00
# Visual Studio Version 17
VisualStudioVersion = 17.1.32328.378
MinimumVisualStudioVersion = 10.0.40219.1
Project("{9A19103F-16F7-4668-BE54-9A1E7A4F7556}") = "ITRI-Project", "ITRI-Project\ITRI-Project.csproj", "{56054B21-C39B-4F03-AA1A-4BCDB14EC47C}"
EndProject
Project("{2150E333-8FDC-42A3-9474-1A3956D46DE8}") = "Solution Items", "Solution Items", "{93D8C5E0-65E6-439E-A51A-A2B738132602}"
	ProjectSection(SolutionItems) = preProject
		.editorconfig = .editorconfig
	EndProjectSection
EndProject
Global
	GlobalSection(SolutionConfigurationPlatforms) = preSolution
		Debug|Any CPU = Debug|Any CPU
		Release|Any CPU = Release|Any CPU
	EndGlobalSection
	GlobalSection(ProjectConfigurationPlatforms) = postSolution
		{56054B21-C39B-4F03-AA1A-4BCDB14EC47C}.Debug|Any CPU.ActiveCfg = Debug|Any CPU
		{56054B21-C39B-4F03-AA1A-4BCDB14EC47C}.Debug|Any CPU.Build.0 = Debug|Any CPU
		{56054B21-C39B-4F03-AA1A-4BCDB14EC47C}.Release|Any CPU.ActiveCfg = Release|Any CPU
		{56054B21-C39B-4F03-AA1A-4BCDB14EC47C}.Release|Any CPU.Build.0 = Release|Any CPU
	EndGlobalSection
	GlobalSection(SolutionProperties) = preSolution
		HideSolutionNode = FALSE
	EndGlobalSection
	GlobalSection(ExtensibilityGlobals) = postSolution
		SolutionGuid = {5D3B33C2-142E-43D8-B1D8-2C196BE5A920}
	EndGlobalSection
EndGlobal
